// !$*UTF8*$!
{
	archiveVersion = 1;
	classes = {
	};
	objectVersion = 50;
	objects = {

/* Begin PBXBuildFile section */
		9E0161BF241799DB00577A02 /* Fifo.swift in Sources */ = {isa = PBXBuildFile; fileRef = 9E0161BE241799DB00577A02 /* Fifo.swift */; };
		9E3551ED2410E8D100151738 /* SpectrumAnalyzerInteractor.swift in Sources */ = {isa = PBXBuildFile; fileRef = 9E3551EC2410E8D100151738 /* SpectrumAnalyzerInteractor.swift */; };
		9E3551F12410E93100151738 /* SpectrumAnalyzerViewModel.swift in Sources */ = {isa = PBXBuildFile; fileRef = 9E3551F02410E93100151738 /* SpectrumAnalyzerViewModel.swift */; };
		9E3551F42410F04A00151738 /* SpectrumAnalyzerView.swift in Sources */ = {isa = PBXBuildFile; fileRef = 9E3551F32410F04A00151738 /* SpectrumAnalyzerView.swift */; };
		9E3551FC2410F2E100151738 /* SpectrumAnalyzerViewModelDelegate.swift in Sources */ = {isa = PBXBuildFile; fileRef = 9E3551FB2410F2E100151738 /* SpectrumAnalyzerViewModelDelegate.swift */; };
		9E3552042410FB1F00151738 /* SpectrumAnalyzerDefaultViewModel.swift in Sources */ = {isa = PBXBuildFile; fileRef = 9E3552032410FB1F00151738 /* SpectrumAnalyzerDefaultViewModel.swift */; };
		9E3552062410FB2E00151738 /* SpectrumAnalyzerDefaultInteractor.swift in Sources */ = {isa = PBXBuildFile; fileRef = 9E3552052410FB2E00151738 /* SpectrumAnalyzerDefaultInteractor.swift */; };
		9E35520F241103BB00151738 /* SamplingFourierCalculatorImplementation.swift in Sources */ = {isa = PBXBuildFile; fileRef = 9E35520D241103BB00151738 /* SamplingFourierCalculatorImplementation.swift */; };
		9E38EC0524338C2B00C7245C /* SpectrumAnalyzerGridView.swift in Sources */ = {isa = PBXBuildFile; fileRef = 9E38EC0424338C2B00C7245C /* SpectrumAnalyzerGridView.swift */; };
		9E38EC0A243495A800C7245C /* SpectrumAnalyzerGraphView.swift in Sources */ = {isa = PBXBuildFile; fileRef = 9E38EC09243495A800C7245C /* SpectrumAnalyzerGraphView.swift */; };
		9E3906D4240EBEB2000ABCDB /* Int+binaryInversed.swift in Sources */ = {isa = PBXBuildFile; fileRef = 9E3906D3240EBEB2000ABCDB /* Int+binaryInversed.swift */; };
		9ECEC1392412734B004E3407 /* Pipe.swift in Sources */ = {isa = PBXBuildFile; fileRef = 9ECEC1382412734B004E3407 /* Pipe.swift */; };
		9EE77D76241294E900936BED /* SamplingFourierCalculator.swift in Sources */ = {isa = PBXBuildFile; fileRef = 9EE77D75241294E900936BED /* SamplingFourierCalculator.swift */; };
		9EE77D7A2412EEEC00936BED /* NSView+bindFrameToSuperviewBounds.swift in Sources */ = {isa = PBXBuildFile; fileRef = 9EE77D792412EEEC00936BED /* NSView+bindFrameToSuperviewBounds.swift */; };
		9EF3BB532435FD41009E631A /* CGFloat+clamped.swift in Sources */ = {isa = PBXBuildFile; fileRef = 9EF3BB522435FD41009E631A /* CGFloat+clamped.swift */; };
		9EF6C99F243541BF0082B936 /* MTLCommandBuffer+commandHelpers.swift in Sources */ = {isa = PBXBuildFile; fileRef = 9EF6C99E243541BF0082B936 /* MTLCommandBuffer+commandHelpers.swift */; };
		9EF6C9A1243549C10082B936 /* Int+even.swift in Sources */ = {isa = PBXBuildFile; fileRef = 9EF6C9A0243549C10082B936 /* Int+even.swift */; };
		9EFD9FE82400265700FEFFE3 /* AppDelegate.swift in Sources */ = {isa = PBXBuildFile; fileRef = 9EFD9FE72400265700FEFFE3 /* AppDelegate.swift */; };
		9EFD9FEA2400265700FEFFE3 /* ViewController.swift in Sources */ = {isa = PBXBuildFile; fileRef = 9EFD9FE92400265700FEFFE3 /* ViewController.swift */; };
		9EFD9FEC2400265A00FEFFE3 /* Assets.xcassets in Resources */ = {isa = PBXBuildFile; fileRef = 9EFD9FEB2400265A00FEFFE3 /* Assets.xcassets */; };
		9EFD9FEF2400265A00FEFFE3 /* Main.storyboard in Resources */ = {isa = PBXBuildFile; fileRef = 9EFD9FED2400265A00FEFFE3 /* Main.storyboard */; };
		9EFD9FF82400267C00FEFFE3 /* fft.metal in Sources */ = {isa = PBXBuildFile; fileRef = 9EFD9FF72400267C00FEFFE3 /* fft.metal */; };
/* End PBXBuildFile section */

/* Begin PBXFileReference section */
		9E0161BE241799DB00577A02 /* Fifo.swift */ = {isa = PBXFileReference; lastKnownFileType = sourcecode.swift; path = Fifo.swift; sourceTree = "<group>"; };
		9E3551EC2410E8D100151738 /* SpectrumAnalyzerInteractor.swift */ = {isa = PBXFileReference; lastKnownFileType = sourcecode.swift; path = SpectrumAnalyzerInteractor.swift; sourceTree = "<group>"; };
		9E3551F02410E93100151738 /* SpectrumAnalyzerViewModel.swift */ = {isa = PBXFileReference; lastKnownFileType = sourcecode.swift; path = SpectrumAnalyzerViewModel.swift; sourceTree = "<group>"; };
		9E3551F32410F04A00151738 /* SpectrumAnalyzerView.swift */ = {isa = PBXFileReference; lastKnownFileType = sourcecode.swift; path = SpectrumAnalyzerView.swift; sourceTree = "<group>"; };
		9E3551FB2410F2E100151738 /* SpectrumAnalyzerViewModelDelegate.swift */ = {isa = PBXFileReference; lastKnownFileType = sourcecode.swift; path = SpectrumAnalyzerViewModelDelegate.swift; sourceTree = "<group>"; };
		9E3552032410FB1F00151738 /* SpectrumAnalyzerDefaultViewModel.swift */ = {isa = PBXFileReference; lastKnownFileType = sourcecode.swift; path = SpectrumAnalyzerDefaultViewModel.swift; sourceTree = "<group>"; };
		9E3552052410FB2E00151738 /* SpectrumAnalyzerDefaultInteractor.swift */ = {isa = PBXFileReference; lastKnownFileType = sourcecode.swift; path = SpectrumAnalyzerDefaultInteractor.swift; sourceTree = "<group>"; };
		9E35520D241103BB00151738 /* SamplingFourierCalculatorImplementation.swift */ = {isa = PBXFileReference; fileEncoding = 4; lastKnownFileType = sourcecode.swift; path = SamplingFourierCalculatorImplementation.swift; sourceTree = "<group>"; };
		9E38EC0424338C2B00C7245C /* SpectrumAnalyzerGridView.swift */ = {isa = PBXFileReference; lastKnownFileType = sourcecode.swift; path = SpectrumAnalyzerGridView.swift; sourceTree = "<group>"; };
		9E38EC09243495A800C7245C /* SpectrumAnalyzerGraphView.swift */ = {isa = PBXFileReference; lastKnownFileType = sourcecode.swift; path = SpectrumAnalyzerGraphView.swift; sourceTree = "<group>"; };
		9E3906D3240EBEB2000ABCDB /* Int+binaryInversed.swift */ = {isa = PBXFileReference; lastKnownFileType = sourcecode.swift; path = "Int+binaryInversed.swift"; sourceTree = "<group>"; };
		9ECEC1382412734B004E3407 /* Pipe.swift */ = {isa = PBXFileReference; fileEncoding = 4; lastKnownFileType = sourcecode.swift; path = Pipe.swift; sourceTree = "<group>"; };
		9EE77D75241294E900936BED /* SamplingFourierCalculator.swift */ = {isa = PBXFileReference; lastKnownFileType = sourcecode.swift; path = SamplingFourierCalculator.swift; sourceTree = "<group>"; };
		9EE77D792412EEEC00936BED /* NSView+bindFrameToSuperviewBounds.swift */ = {isa = PBXFileReference; lastKnownFileType = sourcecode.swift; path = "NSView+bindFrameToSuperviewBounds.swift"; sourceTree = "<group>"; };
		9EF3BB522435FD41009E631A /* CGFloat+clamped.swift */ = {isa = PBXFileReference; lastKnownFileType = sourcecode.swift; path = "CGFloat+clamped.swift"; sourceTree = "<group>"; };
		9EF6C99E243541BF0082B936 /* MTLCommandBuffer+commandHelpers.swift */ = {isa = PBXFileReference; lastKnownFileType = sourcecode.swift; path = "MTLCommandBuffer+commandHelpers.swift"; sourceTree = "<group>"; };
		9EF6C9A0243549C10082B936 /* Int+even.swift */ = {isa = PBXFileReference; lastKnownFileType = sourcecode.swift; path = "Int+even.swift"; sourceTree = "<group>"; };
		9EFD9FE42400265700FEFFE3 /* FftMetalTest.app */ = {isa = PBXFileReference; explicitFileType = wrapper.application; includeInIndex = 0; path = FftMetalTest.app; sourceTree = BUILT_PRODUCTS_DIR; };
		9EFD9FE72400265700FEFFE3 /* AppDelegate.swift */ = {isa = PBXFileReference; lastKnownFileType = sourcecode.swift; path = AppDelegate.swift; sourceTree = "<group>"; };
		9EFD9FE92400265700FEFFE3 /* ViewController.swift */ = {isa = PBXFileReference; lastKnownFileType = sourcecode.swift; path = ViewController.swift; sourceTree = "<group>"; };
		9EFD9FEB2400265A00FEFFE3 /* Assets.xcassets */ = {isa = PBXFileReference; lastKnownFileType = folder.assetcatalog; path = Assets.xcassets; sourceTree = "<group>"; };
		9EFD9FEE2400265A00FEFFE3 /* Base */ = {isa = PBXFileReference; lastKnownFileType = file.storyboard; name = Base; path = Base.lproj/Main.storyboard; sourceTree = "<group>"; };
		9EFD9FF02400265A00FEFFE3 /* Info.plist */ = {isa = PBXFileReference; lastKnownFileType = text.plist.xml; path = Info.plist; sourceTree = "<group>"; };
		9EFD9FF12400265A00FEFFE3 /* FftMetalTest.entitlements */ = {isa = PBXFileReference; lastKnownFileType = text.plist.entitlements; path = FftMetalTest.entitlements; sourceTree = "<group>"; };
		9EFD9FF72400267C00FEFFE3 /* fft.metal */ = {isa = PBXFileReference; lastKnownFileType = sourcecode.metal; path = fft.metal; sourceTree = "<group>"; };
/* End PBXFileReference section */

/* Begin PBXFrameworksBuildPhase section */
		9EFD9FE12400265700FEFFE3 /* Frameworks */ = {
			isa = PBXFrameworksBuildPhase;
			buildActionMask = 2147483647;
			files = (
			);
			runOnlyForDeploymentPostprocessing = 0;
		};
/* End PBXFrameworksBuildPhase section */

/* Begin PBXGroup section */
		9E3551EE2410E91800151738 /* SpectrumAnalyzer */ = {
			isa = PBXGroup;
			children = (
				9E3551F52410F05600151738 /* View */,
				9E3551F22410F03300151738 /* ViewModel */,
				9E3551EF2410E92200151738 /* Model */,
				9E35520C241103BB00151738 /* SamplingFourierCalculator */,
				9EF3BB542435FDC5009E631A /* Extensions */,
			);
			path = SpectrumAnalyzer;
			sourceTree = "<group>";
		};
		9E3551EF2410E92200151738 /* Model */ = {
			isa = PBXGroup;
			children = (
				9E3551EC2410E8D100151738 /* SpectrumAnalyzerInteractor.swift */,
				9E3552052410FB2E00151738 /* SpectrumAnalyzerDefaultInteractor.swift */,
			);
			path = Model;
			sourceTree = "<group>";
		};
		9E3551F22410F03300151738 /* ViewModel */ = {
			isa = PBXGroup;
			children = (
				9E3551F02410E93100151738 /* SpectrumAnalyzerViewModel.swift */,
				9E3551FB2410F2E100151738 /* SpectrumAnalyzerViewModelDelegate.swift */,
				9E3552032410FB1F00151738 /* SpectrumAnalyzerDefaultViewModel.swift */,
			);
			path = ViewModel;
			sourceTree = "<group>";
		};
		9E3551F52410F05600151738 /* View */ = {
			isa = PBXGroup;
			children = (
				9E3551F32410F04A00151738 /* SpectrumAnalyzerView.swift */,
				9E38EC0424338C2B00C7245C /* SpectrumAnalyzerGridView.swift */,
				9E38EC09243495A800C7245C /* SpectrumAnalyzerGraphView.swift */,
			);
			path = View;
			sourceTree = "<group>";
		};
		9E35520C241103BB00151738 /* SamplingFourierCalculator */ = {
			isa = PBXGroup;
			children = (
				9EE77D75241294E900936BED /* SamplingFourierCalculator.swift */,
				9E35520D241103BB00151738 /* SamplingFourierCalculatorImplementation.swift */,
				9EF644DD241154DD007D2E2E /* Metal */,
				9EF644DC241154CE007D2E2E /* Extensions */,
			);
			path = SamplingFourierCalculator;
			sourceTree = "<group>";
		};
		9EF3BB542435FDC5009E631A /* Extensions */ = {
			isa = PBXGroup;
			children = (
				9EF3BB522435FD41009E631A /* CGFloat+clamped.swift */,
			);
			path = Extensions;
			sourceTree = "<group>";
		};
		9EF644DC241154CE007D2E2E /* Extensions */ = {
			isa = PBXGroup;
			children = (
				9EF6C99E243541BF0082B936 /* MTLCommandBuffer+commandHelpers.swift */,
				9E3906D3240EBEB2000ABCDB /* Int+binaryInversed.swift */,
				9EF6C9A0243549C10082B936 /* Int+even.swift */,
			);
			path = Extensions;
			sourceTree = "<group>";
		};
		9EF644DD241154DD007D2E2E /* Metal */ = {
			isa = PBXGroup;
			children = (
				9EFD9FF72400267C00FEFFE3 /* fft.metal */,
			);
			path = Metal;
			sourceTree = "<group>";
		};
		9EFD9FDB2400265700FEFFE3 = {
			isa = PBXGroup;
			children = (
				9EFD9FE62400265700FEFFE3 /* FftMetalTest */,
				9EFD9FE52400265700FEFFE3 /* Products */,
			);
			sourceTree = "<group>";
		};
		9EFD9FE52400265700FEFFE3 /* Products */ = {
			isa = PBXGroup;
			children = (
				9EFD9FE42400265700FEFFE3 /* FftMetalTest.app */,
			);
			name = Products;
			sourceTree = "<group>";
		};
		9EFD9FE62400265700FEFFE3 /* FftMetalTest */ = {
			isa = PBXGroup;
			children = (
				9EFD9FE72400265700FEFFE3 /* AppDelegate.swift */,
				9EFD9FE92400265700FEFFE3 /* ViewController.swift */,
				9ECEC1382412734B004E3407 /* Pipe.swift */,
				9E0161BE241799DB00577A02 /* Fifo.swift */,
				9EE77D792412EEEC00936BED /* NSView+bindFrameToSuperviewBounds.swift */,
				9E3551EE2410E91800151738 /* SpectrumAnalyzer */,
				9EFD9FEB2400265A00FEFFE3 /* Assets.xcassets */,
				9EFD9FED2400265A00FEFFE3 /* Main.storyboard */,
				9EFD9FF02400265A00FEFFE3 /* Info.plist */,
				9EFD9FF12400265A00FEFFE3 /* FftMetalTest.entitlements */,
			);
			path = FftMetalTest;
			sourceTree = "<group>";
		};
/* End PBXGroup section */

/* Begin PBXNativeTarget section */
		9EFD9FE32400265700FEFFE3 /* FftMetalTest */ = {
			isa = PBXNativeTarget;
			buildConfigurationList = 9EFD9FF42400265A00FEFFE3 /* Build configuration list for PBXNativeTarget "FftMetalTest" */;
			buildPhases = (
				9EFD9FE02400265700FEFFE3 /* Sources */,
				9EFD9FE12400265700FEFFE3 /* Frameworks */,
				9EFD9FE22400265700FEFFE3 /* Resources */,
			);
			buildRules = (
			);
			dependencies = (
			);
			name = FftMetalTest;
			productName = FftMetalTest;
			productReference = 9EFD9FE42400265700FEFFE3 /* FftMetalTest.app */;
			productType = "com.apple.product-type.application";
		};
/* End PBXNativeTarget section */

/* Begin PBXProject section */
		9EFD9FDC2400265700FEFFE3 /* Project object */ = {
			isa = PBXProject;
			attributes = {
				LastSwiftUpdateCheck = 1010;
				LastUpgradeCheck = 1010;
				ORGANIZATIONNAME = "Yauheni Lychkouski";
				TargetAttributes = {
					9EFD9FE32400265700FEFFE3 = {
						CreatedOnToolsVersion = 10.1;
					};
				};
			};
			buildConfigurationList = 9EFD9FDF2400265700FEFFE3 /* Build configuration list for PBXProject "FftMetalTest" */;
			compatibilityVersion = "Xcode 9.3";
			developmentRegion = en;
			hasScannedForEncodings = 0;
			knownRegions = (
				en,
				Base,
			);
			mainGroup = 9EFD9FDB2400265700FEFFE3;
			productRefGroup = 9EFD9FE52400265700FEFFE3 /* Products */;
			projectDirPath = "";
			projectRoot = "";
			targets = (
				9EFD9FE32400265700FEFFE3 /* FftMetalTest */,
			);
		};
/* End PBXProject section */

/* Begin PBXResourcesBuildPhase section */
		9EFD9FE22400265700FEFFE3 /* Resources */ = {
			isa = PBXResourcesBuildPhase;
			buildActionMask = 2147483647;
			files = (
				9EFD9FEC2400265A00FEFFE3 /* Assets.xcassets in Resources */,
				9EFD9FEF2400265A00FEFFE3 /* Main.storyboard in Resources */,
			);
			runOnlyForDeploymentPostprocessing = 0;
		};
/* End PBXResourcesBuildPhase section */

/* Begin PBXSourcesBuildPhase section */
		9EFD9FE02400265700FEFFE3 /* Sources */ = {
			isa = PBXSourcesBuildPhase;
			buildActionMask = 2147483647;
			files = (
				9ECEC1392412734B004E3407 /* Pipe.swift in Sources */,
				9EE77D76241294E900936BED /* SamplingFourierCalculator.swift in Sources */,
				9EFD9FF82400267C00FEFFE3 /* fft.metal in Sources */,
				9E3551F42410F04A00151738 /* SpectrumAnalyzerView.swift in Sources */,
				9EFD9FEA2400265700FEFFE3 /* ViewController.swift in Sources */,
				9EE77D7A2412EEEC00936BED /* NSView+bindFrameToSuperviewBounds.swift in Sources */,
				9E3552062410FB2E00151738 /* SpectrumAnalyzerDefaultInteractor.swift in Sources */,
				9E3552042410FB1F00151738 /* SpectrumAnalyzerDefaultViewModel.swift in Sources */,
				9EFD9FE82400265700FEFFE3 /* AppDelegate.swift in Sources */,
				9E38EC0A243495A800C7245C /* SpectrumAnalyzerGraphView.swift in Sources */,
				9EF6C99F243541BF0082B936 /* MTLCommandBuffer+commandHelpers.swift in Sources */,
				9E3551F12410E93100151738 /* SpectrumAnalyzerViewModel.swift in Sources */,
				9E3551ED2410E8D100151738 /* SpectrumAnalyzerInteractor.swift in Sources */,
				9EF3BB532435FD41009E631A /* CGFloat+clamped.swift in Sources */,
				9E0161BF241799DB00577A02 /* Fifo.swift in Sources */,
				9E35520F241103BB00151738 /* SamplingFourierCalculatorImplementation.swift in Sources */,
				9E3551FC2410F2E100151738 /* SpectrumAnalyzerViewModelDelegate.swift in Sources */,
				9EF6C9A1243549C10082B936 /* Int+even.swift in Sources */,
				9E3906D4240EBEB2000ABCDB /* Int+binaryInversed.swift in Sources */,
				9E38EC0524338C2B00C7245C /* SpectrumAnalyzerGridView.swift in Sources */,
			);
			runOnlyForDeploymentPostprocessing = 0;
		};
/* End PBXSourcesBuildPhase section */

/* Begin PBXVariantGroup section */
		9EFD9FED2400265A00FEFFE3 /* Main.storyboard */ = {
			isa = PBXVariantGroup;
			children = (
				9EFD9FEE2400265A00FEFFE3 /* Base */,
			);
			name = Main.storyboard;
			sourceTree = "<group>";
		};
/* End PBXVariantGroup section */

/* Begin XCBuildConfiguration section */
		9EFD9FF22400265A00FEFFE3 /* Debug */ = {
			isa = XCBuildConfiguration;
			buildSettings = {
				ALWAYS_SEARCH_USER_PATHS = NO;
				CLANG_ANALYZER_NONNULL = YES;
				CLANG_ANALYZER_NUMBER_OBJECT_CONVERSION = YES_AGGRESSIVE;
				CLANG_CXX_LANGUAGE_STANDARD = "gnu++14";
				CLANG_CXX_LIBRARY = "libc++";
				CLANG_ENABLE_MODULES = YES;
				CLANG_ENABLE_OBJC_ARC = YES;
				CLANG_ENABLE_OBJC_WEAK = YES;
				CLANG_WARN_BLOCK_CAPTURE_AUTORELEASING = YES;
				CLANG_WARN_BOOL_CONVERSION = YES;
				CLANG_WARN_COMMA = YES;
				CLANG_WARN_CONSTANT_CONVERSION = YES;
				CLANG_WARN_DEPRECATED_OBJC_IMPLEMENTATIONS = YES;
				CLANG_WARN_DIRECT_OBJC_ISA_USAGE = YES_ERROR;
				CLANG_WARN_DOCUMENTATION_COMMENTS = YES;
				CLANG_WARN_EMPTY_BODY = YES;
				CLANG_WARN_ENUM_CONVERSION = YES;
				CLANG_WARN_INFINITE_RECURSION = YES;
				CLANG_WARN_INT_CONVERSION = YES;
				CLANG_WARN_NON_LITERAL_NULL_CONVERSION = YES;
				CLANG_WARN_OBJC_IMPLICIT_RETAIN_SELF = YES;
				CLANG_WARN_OBJC_LITERAL_CONVERSION = YES;
				CLANG_WARN_OBJC_ROOT_CLASS = YES_ERROR;
				CLANG_WARN_RANGE_LOOP_ANALYSIS = YES;
				CLANG_WARN_STRICT_PROTOTYPES = YES;
				CLANG_WARN_SUSPICIOUS_MOVE = YES;
				CLANG_WARN_UNGUARDED_AVAILABILITY = YES_AGGRESSIVE;
				CLANG_WARN_UNREACHABLE_CODE = YES;
				CLANG_WARN__DUPLICATE_METHOD_MATCH = YES;
				CODE_SIGN_IDENTITY = "Mac Developer";
				COPY_PHASE_STRIP = NO;
				DEBUG_INFORMATION_FORMAT = dwarf;
				ENABLE_STRICT_OBJC_MSGSEND = YES;
				ENABLE_TESTABILITY = YES;
				GCC_C_LANGUAGE_STANDARD = gnu11;
				GCC_DYNAMIC_NO_PIC = NO;
				GCC_NO_COMMON_BLOCKS = YES;
				GCC_OPTIMIZATION_LEVEL = 0;
				GCC_PREPROCESSOR_DEFINITIONS = (
					"DEBUG=1",
					"$(inherited)",
				);
				GCC_WARN_64_TO_32_BIT_CONVERSION = YES;
				GCC_WARN_ABOUT_RETURN_TYPE = YES_ERROR;
				GCC_WARN_UNDECLARED_SELECTOR = YES;
				GCC_WARN_UNINITIALIZED_AUTOS = YES_AGGRESSIVE;
				GCC_WARN_UNUSED_FUNCTION = YES;
				GCC_WARN_UNUSED_VARIABLE = YES;
				MACOSX_DEPLOYMENT_TARGET = 10.14;
				MTL_ENABLE_DEBUG_INFO = INCLUDE_SOURCE;
				MTL_FAST_MATH = YES;
				ONLY_ACTIVE_ARCH = YES;
				SDKROOT = macosx;
				SWIFT_ACTIVE_COMPILATION_CONDITIONS = DEBUG;
				SWIFT_OPTIMIZATION_LEVEL = "-Onone";
			};
			name = Debug;
		};
		9EFD9FF32400265A00FEFFE3 /* Release */ = {
			isa = XCBuildConfiguration;
			buildSettings = {
				ALWAYS_SEARCH_USER_PATHS = NO;
				CLANG_ANALYZER_NONNULL = YES;
				CLANG_ANALYZER_NUMBER_OBJECT_CONVERSION = YES_AGGRESSIVE;
				CLANG_CXX_LANGUAGE_STANDARD = "gnu++14";
				CLANG_CXX_LIBRARY = "libc++";
				CLANG_ENABLE_MODULES = YES;
				CLANG_ENABLE_OBJC_ARC = YES;
				CLANG_ENABLE_OBJC_WEAK = YES;
				CLANG_WARN_BLOCK_CAPTURE_AUTORELEASING = YES;
				CLANG_WARN_BOOL_CONVERSION = YES;
				CLANG_WARN_COMMA = YES;
				CLANG_WARN_CONSTANT_CONVERSION = YES;
				CLANG_WARN_DEPRECATED_OBJC_IMPLEMENTATIONS = YES;
				CLANG_WARN_DIRECT_OBJC_ISA_USAGE = YES_ERROR;
				CLANG_WARN_DOCUMENTATION_COMMENTS = YES;
				CLANG_WARN_EMPTY_BODY = YES;
				CLANG_WARN_ENUM_CONVERSION = YES;
				CLANG_WARN_INFINITE_RECURSION = YES;
				CLANG_WARN_INT_CONVERSION = YES;
				CLANG_WARN_NON_LITERAL_NULL_CONVERSION = YES;
				CLANG_WARN_OBJC_IMPLICIT_RETAIN_SELF = YES;
				CLANG_WARN_OBJC_LITERAL_CONVERSION = YES;
				CLANG_WARN_OBJC_ROOT_CLASS = YES_ERROR;
				CLANG_WARN_RANGE_LOOP_ANALYSIS = YES;
				CLANG_WARN_STRICT_PROTOTYPES = YES;
				CLANG_WARN_SUSPICIOUS_MOVE = YES;
				CLANG_WARN_UNGUARDED_AVAILABILITY = YES_AGGRESSIVE;
				CLANG_WARN_UNREACHABLE_CODE = YES;
				CLANG_WARN__DUPLICATE_METHOD_MATCH = YES;
				CODE_SIGN_IDENTITY = "Mac Developer";
				COPY_PHASE_STRIP = NO;
				DEBUG_INFORMATION_FORMAT = "dwarf-with-dsym";
				ENABLE_NS_ASSERTIONS = NO;
				ENABLE_STRICT_OBJC_MSGSEND = YES;
				GCC_C_LANGUAGE_STANDARD = gnu11;
				GCC_NO_COMMON_BLOCKS = YES;
				GCC_WARN_64_TO_32_BIT_CONVERSION = YES;
				GCC_WARN_ABOUT_RETURN_TYPE = YES_ERROR;
				GCC_WARN_UNDECLARED_SELECTOR = YES;
				GCC_WARN_UNINITIALIZED_AUTOS = YES_AGGRESSIVE;
				GCC_WARN_UNUSED_FUNCTION = YES;
				GCC_WARN_UNUSED_VARIABLE = YES;
				MACOSX_DEPLOYMENT_TARGET = 10.14;
				MTL_ENABLE_DEBUG_INFO = NO;
				MTL_FAST_MATH = YES;
				SDKROOT = macosx;
				SWIFT_COMPILATION_MODE = wholemodule;
				SWIFT_OPTIMIZATION_LEVEL = "-O";
			};
			name = Release;
		};
		9EFD9FF52400265A00FEFFE3 /* Debug */ = {
			isa = XCBuildConfiguration;
			buildSettings = {
				ASSETCATALOG_COMPILER_APPICON_NAME = AppIcon;
				CODE_SIGN_ENTITLEMENTS = FftMetalTest/FftMetalTest.entitlements;
				CODE_SIGN_STYLE = Automatic;
				COMBINE_HIDPI_IMAGES = YES;
				DEVELOPMENT_TEAM = 7RAKKNJU4B;
				INFOPLIST_FILE = FftMetalTest/Info.plist;
				LD_RUNPATH_SEARCH_PATHS = (
					"$(inherited)",
					"@executable_path/../Frameworks",
				);
				PRODUCT_BUNDLE_IDENTIFIER = com.ylychkouski.fftmetaltest.FftMetalTest;
				PRODUCT_NAME = "$(TARGET_NAME)";
				SWIFT_VERSION = 4.2;
			};
			name = Debug;
		};
		9EFD9FF62400265A00FEFFE3 /* Release */ = {
			isa = XCBuildConfiguration;
			buildSettings = {
				ASSETCATALOG_COMPILER_APPICON_NAME = AppIcon;
				CODE_SIGN_ENTITLEMENTS = FftMetalTest/FftMetalTest.entitlements;
				CODE_SIGN_STYLE = Automatic;
				COMBINE_HIDPI_IMAGES = YES;
				DEVELOPMENT_TEAM = 7RAKKNJU4B;
				INFOPLIST_FILE = FftMetalTest/Info.plist;
				LD_RUNPATH_SEARCH_PATHS = (
					"$(inherited)",
					"@executable_path/../Frameworks",
				);
				PRODUCT_BUNDLE_IDENTIFIER = com.ylychkouski.fftmetaltest.FftMetalTest;
				PRODUCT_NAME = "$(TARGET_NAME)";
				SWIFT_VERSION = 4.2;
			};
			name = Release;
		};
/* End XCBuildConfiguration section */

/* Begin XCConfigurationList section */
		9EFD9FDF2400265700FEFFE3 /* Build configuration list for PBXProject "FftMetalTest" */ = {
			isa = XCConfigurationList;
			buildConfigurations = (
				9EFD9FF22400265A00FEFFE3 /* Debug */,
				9EFD9FF32400265A00FEFFE3 /* Release */,
			);
			defaultConfigurationIsVisible = 0;
			defaultConfigurationName = Release;
		};
		9EFD9FF42400265A00FEFFE3 /* Build configuration list for PBXNativeTarget "FftMetalTest" */ = {
			isa = XCConfigurationList;
			buildConfigurations = (
				9EFD9FF52400265A00FEFFE3 /* Debug */,
				9EFD9FF62400265A00FEFFE3 /* Release */,
			);
			defaultConfigurationIsVisible = 0;
			defaultConfigurationName = Release;
		};
/* End XCConfigurationList section */
	};
	rootObject = 9EFD9FDC2400265700FEFFE3 /* Project object */;
}
